
Microsoft Visual Studio Solution File, Format Version 12.00
# Visual Studio Version 17
VisualStudioVersion = 17.4.33213.308
MinimumVisualStudioVersion = 10.0.40219.1
Project("{FAE04EC0-301F-11D3-BF4B-00C04F79EFBC}") = "WebApp.Test", "WebApp.Test\WebApp.Test.csproj", "{C1AFB69D-2192-403E-9E26-D03BC7D6D50B}"
EndProject
Project("{FAE04EC0-301F-11D3-BF4B-00C04F79EFBC}") = "WebApp", "WebApp\WebApp.csproj", "{A6FDE3EA-134F-475D-837B-8C6DB7BB1146}"
EndProject
Global
	GlobalSection(SolutionConfigurationPlatforms) = preSolution
		Debug|Any CPU = Debug|Any CPU
		Release|Any CPU = Release|Any CPU
	EndGlobalSection
	GlobalSection(ProjectConfigurationPlatforms) = postSolution
		{C1AFB69D-2192-403E-9E26-D03BC7D6D50B}.Debug|Any CPU.ActiveCfg = Debug|Any CPU
		{C1AFB69D-2192-403E-9E26-D03BC7D6D50B}.Debug|Any CPU.Build.0 = Debug|Any CPU
		{C1AFB69D-2192-403E-9E26-D03BC7D6D50B}.Release|Any CPU.ActiveCfg = Release|Any CPU
		{C1AFB69D-2192-403E-9E26-D03BC7D6D50B}.Release|Any CPU.Build.0 = Release|Any CPU
		{A6FDE3EA-134F-475D-837B-8C6DB7BB1146}.Debug|Any CPU.ActiveCfg = Debug|Any CPU
		{A6FDE3EA-134F-475D-837B-8C6DB7BB1146}.Debug|Any CPU.Build.0 = Debug|Any CPU
		{A6FDE3EA-134F-475D-837B-8C6DB7BB1146}.Release|Any CPU.ActiveCfg = Release|Any CPU
		{A6FDE3EA-134F-475D-837B-8C6DB7BB1146}.Release|Any CPU.Build.0 = Release|Any CPU
	EndGlobalSection
	GlobalSection(SolutionProperties) = preSolution
		HideSolutionNode = FALSE
	EndGlobalSection
	GlobalSection(ExtensibilityGlobals) = postSolution
		SolutionGuid = {32323822-9D66-49AC-A1D9-F67FF5651097}
	EndGlobalSection
EndGlobal
